
Microsoft Visual Studio Solution File, Format Version 12.00
# Visual Studio Version 16
VisualStudioVersion = 16.0.32228.343
MinimumVisualStudioVersion = 10.0.40219.1
Project("{FAE04EC0-301F-11D3-BF4B-00C04F79EFBC}") = "JenkinsSelenium", "JenkinsSelenium.csproj", "{7B676FA2-AD7E-4232-9E73-BB23A2809324}"
EndProject
Global
	GlobalSection(SolutionConfigurationPlatforms) = preSolution
		Debug|Any CPU = Debug|Any CPU
		Release|Any CPU = Release|Any CPU
	EndGlobalSection
	GlobalSection(ProjectConfigurationPlatforms) = postSolution
		{7B676FA2-AD7E-4232-9E73-BB23A2809324}.Debug|Any CPU.ActiveCfg = Debug|Any CPU
		{7B676FA2-AD7E-4232-9E73-BB23A2809324}.Debug|Any CPU.Build.0 = Debug|Any CPU
		{7B676FA2-AD7E-4232-9E73-BB23A2809324}.Release|Any CPU.ActiveCfg = Release|Any CPU
		{7B676FA2-AD7E-4232-9E73-BB23A2809324}.Release|Any CPU.Build.0 = Release|Any CPU
	EndGlobalSection
	GlobalSection(SolutionProperties) = preSolution
		HideSolutionNode = FALSE
	EndGlobalSection
	GlobalSection(ExtensibilityGlobals) = postSolution
		SolutionGuid = {CBDCBCB3-180C-4B46-8DC7-7C34EAB7AB6B}
	EndGlobalSection
EndGlobal
